
Microsoft Visual Studio Solution File, Format Version 12.00
# Visual Studio Version 16
VisualStudioVersion = 16.0.31112.23
MinimumVisualStudioVersion = 10.0.40219.1
Project("{FAE04EC0-301F-11D3-BF4B-00C04F79EFBC}") = "WindChillProgram", "WindChillProgram\WindChillProgram.csproj", "{59F17048-22AA-4E12-87E0-DD3049A272AF}"
EndProject
Global
	GlobalSection(SolutionConfigurationPlatforms) = preSolution
		Debug|Any CPU = Debug|Any CPU
		Release|Any CPU = Release|Any CPU
	EndGlobalSection
	GlobalSection(ProjectConfigurationPlatforms) = postSolution
		{59F17048-22AA-4E12-87E0-DD3049A272AF}.Debug|Any CPU.ActiveCfg = Debug|Any CPU
		{59F17048-22AA-4E12-87E0-DD3049A272AF}.Debug|Any CPU.Build.0 = Debug|Any CPU
		{59F17048-22AA-4E12-87E0-DD3049A272AF}.Release|Any CPU.ActiveCfg = Release|Any CPU
		{59F17048-22AA-4E12-87E0-DD3049A272AF}.Release|Any CPU.Build.0 = Release|Any CPU
	EndGlobalSection
	GlobalSection(SolutionProperties) = preSolution
		HideSolutionNode = FALSE
	EndGlobalSection
	GlobalSection(ExtensibilityGlobals) = postSolution
		SolutionGuid = {F7ADA456-8E9C-40BD-9DA4-2FA242613609}
	EndGlobalSection
EndGlobal
