
Microsoft Visual Studio Solution File, Format Version 12.00
# Visual Studio Version 16
VisualStudioVersion = 16.0.31112.23
MinimumVisualStudioVersion = 10.0.40219.1
Project("{FAE04EC0-301F-11D3-BF4B-00C04F79EFBC}") = "VendingMachineProgram", "VendingMachineProgram\VendingMachineProgram.csproj", "{1D70628F-0588-4411-ACB3-D1C1CA0CE362}"
EndProject
Global
	GlobalSection(SolutionConfigurationPlatforms) = preSolution
		Debug|Any CPU = Debug|Any CPU
		Release|Any CPU = Release|Any CPU
	EndGlobalSection
	GlobalSection(ProjectConfigurationPlatforms) = postSolution
		{1D70628F-0588-4411-ACB3-D1C1CA0CE362}.Debug|Any CPU.ActiveCfg = Debug|Any CPU
		{1D70628F-0588-4411-ACB3-D1C1CA0CE362}.Debug|Any CPU.Build.0 = Debug|Any CPU
		{1D70628F-0588-4411-ACB3-D1C1CA0CE362}.Release|Any CPU.ActiveCfg = Release|Any CPU
		{1D70628F-0588-4411-ACB3-D1C1CA0CE362}.Release|Any CPU.Build.0 = Release|Any CPU
	EndGlobalSection
	GlobalSection(SolutionProperties) = preSolution
		HideSolutionNode = FALSE
	EndGlobalSection
	GlobalSection(ExtensibilityGlobals) = postSolution
		SolutionGuid = {138D3246-AFCB-45D1-B443-FC35B3B693D6}
	EndGlobalSection
EndGlobal
