
Microsoft Visual Studio Solution File, Format Version 12.00
# Visual Studio Version 16
VisualStudioVersion = 16.0.31112.23
MinimumVisualStudioVersion = 10.0.40219.1
Project("{FAE04EC0-301F-11D3-BF4B-00C04F79EFBC}") = "EmployeeWageComputation", "EmployeeWageComputation\EmployeeWageComputation.csproj", "{78F573A8-06DC-4268-8F7B-004051A28E19}"
EndProject
Global
	GlobalSection(SolutionConfigurationPlatforms) = preSolution
		Debug|Any CPU = Debug|Any CPU
		Release|Any CPU = Release|Any CPU
	EndGlobalSection
	GlobalSection(ProjectConfigurationPlatforms) = postSolution
		{78F573A8-06DC-4268-8F7B-004051A28E19}.Debug|Any CPU.ActiveCfg = Debug|Any CPU
		{78F573A8-06DC-4268-8F7B-004051A28E19}.Debug|Any CPU.Build.0 = Debug|Any CPU
		{78F573A8-06DC-4268-8F7B-004051A28E19}.Release|Any CPU.ActiveCfg = Release|Any CPU
		{78F573A8-06DC-4268-8F7B-004051A28E19}.Release|Any CPU.Build.0 = Release|Any CPU
	EndGlobalSection
	GlobalSection(SolutionProperties) = preSolution
		HideSolutionNode = FALSE
	EndGlobalSection
	GlobalSection(ExtensibilityGlobals) = postSolution
		SolutionGuid = {F7B2A3BD-C48A-45F4-B8FE-A48A0AAD321E}
	EndGlobalSection
EndGlobal
