
Microsoft Visual Studio Solution File, Format Version 12.00
# Visual Studio Version 16
VisualStudioVersion = 16.0.31112.23
MinimumVisualStudioVersion = 10.0.40219.1
Project("{FAE04EC0-301F-11D3-BF4B-00C04F79EFBC}") = "ConsoleApp1", "ConsoleApp1\ConsoleApp1.csproj", "{482CFD69-38B7-4814-B88D-72EAAF1AAE63}"
EndProject
Global
	GlobalSection(SolutionConfigurationPlatforms) = preSolution
		Debug|Any CPU = Debug|Any CPU
		Release|Any CPU = Release|Any CPU
	EndGlobalSection
	GlobalSection(ProjectConfigurationPlatforms) = postSolution
		{482CFD69-38B7-4814-B88D-72EAAF1AAE63}.Debug|Any CPU.ActiveCfg = Debug|Any CPU
		{482CFD69-38B7-4814-B88D-72EAAF1AAE63}.Debug|Any CPU.Build.0 = Debug|Any CPU
		{482CFD69-38B7-4814-B88D-72EAAF1AAE63}.Release|Any CPU.ActiveCfg = Release|Any CPU
		{482CFD69-38B7-4814-B88D-72EAAF1AAE63}.Release|Any CPU.Build.0 = Release|Any CPU
	EndGlobalSection
	GlobalSection(SolutionProperties) = preSolution
		HideSolutionNode = FALSE
	EndGlobalSection
	GlobalSection(ExtensibilityGlobals) = postSolution
		SolutionGuid = {39E8AF79-3443-4C37-B162-31C50609E6CF}
	EndGlobalSection
EndGlobal
