
Microsoft Visual Studio Solution File, Format Version 12.00
# Visual Studio Version 16
VisualStudioVersion = 16.0.31112.23
MinimumVisualStudioVersion = 10.0.40219.1
Project("{FAE04EC0-301F-11D3-BF4B-00C04F79EFBC}") = "QuadraticEquation", "QuadraticEquation\QuadraticEquation.csproj", "{3C079B6C-4075-43BC-8FB4-0A73748184DD}"
EndProject
Global
	GlobalSection(SolutionConfigurationPlatforms) = preSolution
		Debug|Any CPU = Debug|Any CPU
		Release|Any CPU = Release|Any CPU
	EndGlobalSection
	GlobalSection(ProjectConfigurationPlatforms) = postSolution
		{3C079B6C-4075-43BC-8FB4-0A73748184DD}.Debug|Any CPU.ActiveCfg = Debug|Any CPU
		{3C079B6C-4075-43BC-8FB4-0A73748184DD}.Debug|Any CPU.Build.0 = Debug|Any CPU
		{3C079B6C-4075-43BC-8FB4-0A73748184DD}.Release|Any CPU.ActiveCfg = Release|Any CPU
		{3C079B6C-4075-43BC-8FB4-0A73748184DD}.Release|Any CPU.Build.0 = Release|Any CPU
	EndGlobalSection
	GlobalSection(SolutionProperties) = preSolution
		HideSolutionNode = FALSE
	EndGlobalSection
	GlobalSection(ExtensibilityGlobals) = postSolution
		SolutionGuid = {F2B6D2A2-43F5-4BA9-8A15-76C2447E9DC4}
	EndGlobalSection
EndGlobal
